
Microsoft Visual Studio Solution File, Format Version 12.00
# Visual Studio 15
VisualStudioVersion = 15.0.26124.0
MinimumVisualStudioVersion = 15.0.26124.0
Project("{FAE04EC0-301F-11D3-BF4B-00C04F79EFBC}") = "ProAgil.WebAPI", "ProAgil.WebAPI\ProAgil.WebAPI.csproj", "{D155A5FD-9C3D-4207-A351-F2E27DECA1DD}"
EndProject
Project("{FAE04EC0-301F-11D3-BF4B-00C04F79EFBC}") = "ProAgil.Repository", "ProAgil.Repository\ProAgil.Repository.csproj", "{C914CB9F-C171-4A01-882B-18B94D31006D}"
EndProject
Project("{FAE04EC0-301F-11D3-BF4B-00C04F79EFBC}") = "ProAgil.Domain", "ProAgil.Domain\ProAgil.Domain.csproj", "{0402FA8A-EDB7-4C70-8E6C-BC368F446F4E}"
EndProject
Global
	GlobalSection(SolutionConfigurationPlatforms) = preSolution
		Debug|Any CPU = Debug|Any CPU
		Debug|x64 = Debug|x64
		Debug|x86 = Debug|x86
		Release|Any CPU = Release|Any CPU
		Release|x64 = Release|x64
		Release|x86 = Release|x86
	EndGlobalSection
	GlobalSection(SolutionProperties) = preSolution
		HideSolutionNode = FALSE
	EndGlobalSection
	GlobalSection(ProjectConfigurationPlatforms) = postSolution
		{D155A5FD-9C3D-4207-A351-F2E27DECA1DD}.Debug|Any CPU.ActiveCfg = Debug|Any CPU
		{D155A5FD-9C3D-4207-A351-F2E27DECA1DD}.Debug|Any CPU.Build.0 = Debug|Any CPU
		{D155A5FD-9C3D-4207-A351-F2E27DECA1DD}.Debug|x64.ActiveCfg = Debug|Any CPU
		{D155A5FD-9C3D-4207-A351-F2E27DECA1DD}.Debug|x64.Build.0 = Debug|Any CPU
		{D155A5FD-9C3D-4207-A351-F2E27DECA1DD}.Debug|x86.ActiveCfg = Debug|Any CPU
		{D155A5FD-9C3D-4207-A351-F2E27DECA1DD}.Debug|x86.Build.0 = Debug|Any CPU
		{D155A5FD-9C3D-4207-A351-F2E27DECA1DD}.Release|Any CPU.ActiveCfg = Release|Any CPU
		{D155A5FD-9C3D-4207-A351-F2E27DECA1DD}.Release|Any CPU.Build.0 = Release|Any CPU
		{D155A5FD-9C3D-4207-A351-F2E27DECA1DD}.Release|x64.ActiveCfg = Release|Any CPU
		{D155A5FD-9C3D-4207-A351-F2E27DECA1DD}.Release|x64.Build.0 = Release|Any CPU
		{D155A5FD-9C3D-4207-A351-F2E27DECA1DD}.Release|x86.ActiveCfg = Release|Any CPU
		{D155A5FD-9C3D-4207-A351-F2E27DECA1DD}.Release|x86.Build.0 = Release|Any CPU
		{C914CB9F-C171-4A01-882B-18B94D31006D}.Debug|Any CPU.ActiveCfg = Debug|Any CPU
		{C914CB9F-C171-4A01-882B-18B94D31006D}.Debug|Any CPU.Build.0 = Debug|Any CPU
		{C914CB9F-C171-4A01-882B-18B94D31006D}.Debug|x64.ActiveCfg = Debug|Any CPU
		{C914CB9F-C171-4A01-882B-18B94D31006D}.Debug|x64.Build.0 = Debug|Any CPU
		{C914CB9F-C171-4A01-882B-18B94D31006D}.Debug|x86.ActiveCfg = Debug|Any CPU
		{C914CB9F-C171-4A01-882B-18B94D31006D}.Debug|x86.Build.0 = Debug|Any CPU
		{C914CB9F-C171-4A01-882B-18B94D31006D}.Release|Any CPU.ActiveCfg = Release|Any CPU
		{C914CB9F-C171-4A01-882B-18B94D31006D}.Release|Any CPU.Build.0 = Release|Any CPU
		{C914CB9F-C171-4A01-882B-18B94D31006D}.Release|x64.ActiveCfg = Release|Any CPU
		{C914CB9F-C171-4A01-882B-18B94D31006D}.Release|x64.Build.0 = Release|Any CPU
		{C914CB9F-C171-4A01-882B-18B94D31006D}.Release|x86.ActiveCfg = Release|Any CPU
		{C914CB9F-C171-4A01-882B-18B94D31006D}.Release|x86.Build.0 = Release|Any CPU
		{0402FA8A-EDB7-4C70-8E6C-BC368F446F4E}.Debug|Any CPU.ActiveCfg = Debug|Any CPU
		{0402FA8A-EDB7-4C70-8E6C-BC368F446F4E}.Debug|Any CPU.Build.0 = Debug|Any CPU
		{0402FA8A-EDB7-4C70-8E6C-BC368F446F4E}.Debug|x64.ActiveCfg = Debug|Any CPU
		{0402FA8A-EDB7-4C70-8E6C-BC368F446F4E}.Debug|x64.Build.0 = Debug|Any CPU
		{0402FA8A-EDB7-4C70-8E6C-BC368F446F4E}.Debug|x86.ActiveCfg = Debug|Any CPU
		{0402FA8A-EDB7-4C70-8E6C-BC368F446F4E}.Debug|x86.Build.0 = Debug|Any CPU
		{0402FA8A-EDB7-4C70-8E6C-BC368F446F4E}.Release|Any CPU.ActiveCfg = Release|Any CPU
		{0402FA8A-EDB7-4C70-8E6C-BC368F446F4E}.Release|Any CPU.Build.0 = Release|Any CPU
		{0402FA8A-EDB7-4C70-8E6C-BC368F446F4E}.Release|x64.ActiveCfg = Release|Any CPU
		{0402FA8A-EDB7-4C70-8E6C-BC368F446F4E}.Release|x64.Build.0 = Release|Any CPU
		{0402FA8A-EDB7-4C70-8E6C-BC368F446F4E}.Release|x86.ActiveCfg = Release|Any CPU
		{0402FA8A-EDB7-4C70-8E6C-BC368F446F4E}.Release|x86.Build.0 = Release|Any CPU
	EndGlobalSection
EndGlobal
